{
  "version": 4,
  "terraform_version": "1.12.0",
  "serial": 21,
  "lineage": "7c4c1f29-d6f7-8ca1-f1f6-db29cdb7a179",
  "outputs": {
    "pet-name": {
      "value": "Mrs.swan",
      "type": "string"
    }
  },
  "resources": [
    {
      "mode": "managed",
      "type": "local_file",
      "name": "pet",
      "provider": "provider[\"registry.terraform.io/hashicorp/local\"]",
      "instances": [
        {
          "schema_version": 0,
          "attributes": {
            "content": "My favorit pet is Mrs.swan",
            "content_base64": null,
            "content_base64sha256": "ypoEfjRD9Girz4tT6dmDH4UHwLqCrbxoZU+IwH+8WQM=",
            "content_base64sha512": "8JsmOH0XDr4RheO9HsWnPHTnwCybq1jApNfeMveJdJY3yC/JrIeilYZjEeixQGQx6S3DH0kAvp/xeX8LUa2r6A==",
            "content_md5": "ae32d938e54421254fbe7e10fbda3fd7",
            "content_sha1": "2efb32e3b55f8b941430a94cef3b6d2bdceb1387",
            "content_sha256": "ca9a047e3443f468abcf8b53e9d9831f8507c0ba82adbc68654f88c07fbc5903",
            "content_sha512": "f09b26387d170ebe1185e3bd1ec5a73c74e7c02c9bab58c0a4d7de32f789749637c82fc9ac87a295866311e8b1406431e92dc31f4900be9ff1797f0b51adabe8",
            "directory_permission": "0777",
            "file_permission": "0777",
            "filename": "pets.txt",
            "id": "2efb32e3b55f8b941430a94cef3b6d2bdceb1387",
            "sensitive_content": null,
            "source": null
          },
          "sensitive_attributes": [
            [
              {
                "type": "get_attr",
                "value": "sensitive_content"
              }
            ]
          ],
          "identity_schema_version": 0,
          "dependencies": [
            "random_pet.my-pet"
          ]
        }
      ]
    },
    {
      "mode": "managed",
      "type": "random_pet",
      "name": "my-pet",
      "provider": "provider[\"registry.terraform.io/hashicorp/random\"]",
      "instances": [
        {
          "schema_version": 0,
          "attributes": {
            "id": "Mrs.swan",
            "keepers": null,
            "length": 1,
            "prefix": "Mrs",
            "separator": "."
          },
          "sensitive_attributes": [],
          "identity_schema_version": 0
        }
      ]
    }
  ],
  "check_results": null
}
